// !$*UTF8*$!
{
	archiveVersion = 1;
	classes = {
	};
	objectVersion = 50;
	objects = {

/* Begin PBXBuildFile section */
		D0094EA52221A5C800508533 /* APIClient_Test.swift in Sources */ = {isa = PBXBuildFile; fileRef = D0094EA42221A5C800508533 /* APIClient_Test.swift */; };
		D0094EAB2221F16400508533 /* NetworkResponse.swift in Sources */ = {isa = PBXBuildFile; fileRef = D0094EAA2221F16400508533 /* NetworkResponse.swift */; };
		D0094EB42221F7D800508533 /* MockURLSession.swift in Sources */ = {isa = PBXBuildFile; fileRef = D0094EB32221F7D800508533 /* MockURLSession.swift */; };
		D0094EB622220BB500508533 /* MoviesListConfigurator.swift in Sources */ = {isa = PBXBuildFile; fileRef = D0094EB522220BB500508533 /* MoviesListConfigurator.swift */; };
		D0094EB8222213B800508533 /* MoviesListTableViewSection.swift in Sources */ = {isa = PBXBuildFile; fileRef = D0094EB7222213B800508533 /* MoviesListTableViewSection.swift */; };
		D00BE6AF2222F16700853767 /* AssessmentTaskUITests.swift in Sources */ = {isa = PBXBuildFile; fileRef = D00BE6AE2222F16700853767 /* AssessmentTaskUITests.swift */; };
		D00DBFCE221975B600E4E440 /* UIImageView+Instabug.swift in Sources */ = {isa = PBXBuildFile; fileRef = D00DBFCD221975B600E4E440 /* UIImageView+Instabug.swift */; };
		D00DBFD22219918400E4E440 /* MoviesListRouter.swift in Sources */ = {isa = PBXBuildFile; fileRef = D00DBFD12219918400E4E440 /* MoviesListRouter.swift */; };
		D01807CC221CA21900A8C93C /* Movies.storyboard in Resources */ = {isa = PBXBuildFile; fileRef = D01807CB221CA21900A8C93C /* Movies.storyboard */; };
		D0302879221B160B00895472 /* MovieDetailsPresenter.swift in Sources */ = {isa = PBXBuildFile; fileRef = D0302878221B160B00895472 /* MovieDetailsPresenter.swift */; };
		D03183DF2219EEA200313534 /* MovieDetailsViewController.swift in Sources */ = {isa = PBXBuildFile; fileRef = D03183DE2219EEA200313534 /* MovieDetailsViewController.swift */; };
		D03183E32219EF3E00313534 /* MovieDetailViewModel.swift in Sources */ = {isa = PBXBuildFile; fileRef = D03183E22219EF3E00313534 /* MovieDetailViewModel.swift */; };
		D075857D2218507F00E01D62 /* DataResponseError.swift in Sources */ = {isa = PBXBuildFile; fileRef = D075857C2218507F00E01D62 /* DataResponseError.swift */; };
		D07585882218522800E01D62 /* MoviesAPIClient.swift in Sources */ = {isa = PBXBuildFile; fileRef = D07585872218522800E01D62 /* MoviesAPIClient.swift */; };
		D075858A221852F800E01D62 /* MovieDetailsCustomView.xib in Resources */ = {isa = PBXBuildFile; fileRef = D0758589221852F800E01D62 /* MovieDetailsCustomView.xib */; };
		D075858C2218551600E01D62 /* MovieDetailsCustomView.swift in Sources */ = {isa = PBXBuildFile; fileRef = D075858B2218551600E01D62 /* MovieDetailsCustomView.swift */; };
		D075858E221858D500E01D62 /* MoviesDetailsCell.xib in Resources */ = {isa = PBXBuildFile; fileRef = D075858D221858D500E01D62 /* MoviesDetailsCell.xib */; };
		D07585902218590500E01D62 /* MoviesDetailsCell.swift in Sources */ = {isa = PBXBuildFile; fileRef = D075858F2218590500E01D62 /* MoviesDetailsCell.swift */; };
		D0A3526A2216E7DD00385D1D /* AppDelegate.swift in Sources */ = {isa = PBXBuildFile; fileRef = D0A352692216E7DD00385D1D /* AppDelegate.swift */; };
		D0A3526C2216E7DD00385D1D /* ViewController.swift in Sources */ = {isa = PBXBuildFile; fileRef = D0A3526B2216E7DD00385D1D /* ViewController.swift */; };
		D0A3526F2216E7DD00385D1D /* Main.storyboard in Resources */ = {isa = PBXBuildFile; fileRef = D0A3526D2216E7DD00385D1D /* Main.storyboard */; };
		D0A352712216E7DF00385D1D /* Assets.xcassets in Resources */ = {isa = PBXBuildFile; fileRef = D0A352702216E7DF00385D1D /* Assets.xcassets */; };
		D0A352742216E7DF00385D1D /* LaunchScreen.storyboard in Resources */ = {isa = PBXBuildFile; fileRef = D0A352722216E7DF00385D1D /* LaunchScreen.storyboard */; };
		D0A3527F2216E7DF00385D1D /* Assessment_TaskTests.swift in Sources */ = {isa = PBXBuildFile; fileRef = D0A3527E2216E7DF00385D1D /* Assessment_TaskTests.swift */; };
		D0A3529B221702A000385D1D /* HTTPRequest.swift in Sources */ = {isa = PBXBuildFile; fileRef = D0A3529A221702A000385D1D /* HTTPRequest.swift */; };
		D0A3529F22172BD700385D1D /* Network.swift in Sources */ = {isa = PBXBuildFile; fileRef = D0A3529E22172BD700385D1D /* Network.swift */; };
		D0A352A1221740E200385D1D /* MoviesRequest.swift in Sources */ = {isa = PBXBuildFile; fileRef = D0A352A0221740E200385D1D /* MoviesRequest.swift */; };
		D0A352A62217624300385D1D /* MoviesListViewController.swift in Sources */ = {isa = PBXBuildFile; fileRef = D0A352A52217624300385D1D /* MoviesListViewController.swift */; };
		D0A352A82217628800385D1D /* MoviesListPresenter.swift in Sources */ = {isa = PBXBuildFile; fileRef = D0A352A72217628800385D1D /* MoviesListPresenter.swift */; };
		D0A352AB22177CC300385D1D /* Reusable.swift in Sources */ = {isa = PBXBuildFile; fileRef = D0A352AA22177CC300385D1D /* Reusable.swift */; };
		D0A352AE221782F700385D1D /* FetchMoviesUseCase.swift in Sources */ = {isa = PBXBuildFile; fileRef = D0A352AD221782F700385D1D /* FetchMoviesUseCase.swift */; };
		D0A352B222178AB400385D1D /* Movie.swift in Sources */ = {isa = PBXBuildFile; fileRef = D0A352B122178AB400385D1D /* Movie.swift */; };
/* End PBXBuildFile section */

/* Begin PBXContainerItemProxy section */
		D00BE6B12222F16700853767 /* PBXContainerItemProxy */ = {
			isa = PBXContainerItemProxy;
			containerPortal = D0A3525E2216E7DD00385D1D /* Project object */;
			proxyType = 1;
			remoteGlobalIDString = D0A352652216E7DD00385D1D;
			remoteInfo = "Assessment-Task";
		};
		D0A3527B2216E7DF00385D1D /* PBXContainerItemProxy */ = {
			isa = PBXContainerItemProxy;
			containerPortal = D0A3525E2216E7DD00385D1D /* Project object */;
			proxyType = 1;
			remoteGlobalIDString = D0A352652216E7DD00385D1D;
			remoteInfo = "Assessment-Task";
		};
/* End PBXContainerItemProxy section */

/* Begin PBXFileReference section */
		D0094EA42221A5C800508533 /* APIClient_Test.swift */ = {isa = PBXFileReference; lastKnownFileType = sourcecode.swift; path = APIClient_Test.swift; sourceTree = "<group>"; };
		D0094EAA2221F16400508533 /* NetworkResponse.swift */ = {isa = PBXFileReference; lastKnownFileType = sourcecode.swift; path = NetworkResponse.swift; sourceTree = "<group>"; };
		D0094EB32221F7D800508533 /* MockURLSession.swift */ = {isa = PBXFileReference; lastKnownFileType = sourcecode.swift; path = MockURLSession.swift; sourceTree = "<group>"; };
		D0094EB522220BB500508533 /* MoviesListConfigurator.swift */ = {isa = PBXFileReference; lastKnownFileType = sourcecode.swift; path = MoviesListConfigurator.swift; sourceTree = "<group>"; };
		D0094EB7222213B800508533 /* MoviesListTableViewSection.swift */ = {isa = PBXFileReference; lastKnownFileType = sourcecode.swift; path = MoviesListTableViewSection.swift; sourceTree = "<group>"; };
		D00BE6AC2222F16700853767 /* AssessmentTaskUITests.xctest */ = {isa = PBXFileReference; explicitFileType = wrapper.cfbundle; includeInIndex = 0; path = AssessmentTaskUITests.xctest; sourceTree = BUILT_PRODUCTS_DIR; };
		D00BE6AE2222F16700853767 /* AssessmentTaskUITests.swift */ = {isa = PBXFileReference; lastKnownFileType = sourcecode.swift; path = AssessmentTaskUITests.swift; sourceTree = "<group>"; };
		D00BE6B02222F16700853767 /* Info.plist */ = {isa = PBXFileReference; lastKnownFileType = text.plist.xml; path = Info.plist; sourceTree = "<group>"; };
		D00DBFCD221975B600E4E440 /* UIImageView+Instabug.swift */ = {isa = PBXFileReference; lastKnownFileType = sourcecode.swift; path = "UIImageView+Instabug.swift"; sourceTree = "<group>"; };
		D00DBFD12219918400E4E440 /* MoviesListRouter.swift */ = {isa = PBXFileReference; lastKnownFileType = sourcecode.swift; path = MoviesListRouter.swift; sourceTree = "<group>"; };
		D01807CB221CA21900A8C93C /* Movies.storyboard */ = {isa = PBXFileReference; lastKnownFileType = file.storyboard; path = Movies.storyboard; sourceTree = "<group>"; };
		D0302878221B160B00895472 /* MovieDetailsPresenter.swift */ = {isa = PBXFileReference; lastKnownFileType = sourcecode.swift; path = MovieDetailsPresenter.swift; sourceTree = "<group>"; };
		D03183DE2219EEA200313534 /* MovieDetailsViewController.swift */ = {isa = PBXFileReference; lastKnownFileType = sourcecode.swift; path = MovieDetailsViewController.swift; sourceTree = "<group>"; };
		D03183E22219EF3E00313534 /* MovieDetailViewModel.swift */ = {isa = PBXFileReference; lastKnownFileType = sourcecode.swift; path = MovieDetailViewModel.swift; sourceTree = "<group>"; };
		D075857C2218507F00E01D62 /* DataResponseError.swift */ = {isa = PBXFileReference; lastKnownFileType = sourcecode.swift; path = DataResponseError.swift; sourceTree = "<group>"; };
		D07585872218522800E01D62 /* MoviesAPIClient.swift */ = {isa = PBXFileReference; lastKnownFileType = sourcecode.swift; path = MoviesAPIClient.swift; sourceTree = "<group>"; };
		D0758589221852F800E01D62 /* MovieDetailsCustomView.xib */ = {isa = PBXFileReference; lastKnownFileType = file.xib; path = MovieDetailsCustomView.xib; sourceTree = "<group>"; };
		D075858B2218551600E01D62 /* MovieDetailsCustomView.swift */ = {isa = PBXFileReference; lastKnownFileType = sourcecode.swift; path = MovieDetailsCustomView.swift; sourceTree = "<group>"; };
		D075858D221858D500E01D62 /* MoviesDetailsCell.xib */ = {isa = PBXFileReference; lastKnownFileType = file.xib; path = MoviesDetailsCell.xib; sourceTree = "<group>"; };
		D075858F2218590500E01D62 /* MoviesDetailsCell.swift */ = {isa = PBXFileReference; lastKnownFileType = sourcecode.swift; path = MoviesDetailsCell.swift; sourceTree = "<group>"; };
		D0A352662216E7DD00385D1D /* Assessment-Task.app */ = {isa = PBXFileReference; explicitFileType = wrapper.application; includeInIndex = 0; path = "Assessment-Task.app"; sourceTree = BUILT_PRODUCTS_DIR; };
		D0A352692216E7DD00385D1D /* AppDelegate.swift */ = {isa = PBXFileReference; lastKnownFileType = sourcecode.swift; path = AppDelegate.swift; sourceTree = "<group>"; };
		D0A3526B2216E7DD00385D1D /* ViewController.swift */ = {isa = PBXFileReference; lastKnownFileType = sourcecode.swift; path = ViewController.swift; sourceTree = "<group>"; };
		D0A3526E2216E7DD00385D1D /* Base */ = {isa = PBXFileReference; lastKnownFileType = file.storyboard; name = Base; path = Base.lproj/Main.storyboard; sourceTree = "<group>"; };
		D0A352702216E7DF00385D1D /* Assets.xcassets */ = {isa = PBXFileReference; lastKnownFileType = folder.assetcatalog; path = Assets.xcassets; sourceTree = "<group>"; };
		D0A352732216E7DF00385D1D /* Base */ = {isa = PBXFileReference; lastKnownFileType = file.storyboard; name = Base; path = Base.lproj/LaunchScreen.storyboard; sourceTree = "<group>"; };
		D0A352752216E7DF00385D1D /* Info.plist */ = {isa = PBXFileReference; lastKnownFileType = text.plist.xml; path = Info.plist; sourceTree = "<group>"; };
		D0A3527A2216E7DF00385D1D /* Assessment-TaskTests.xctest */ = {isa = PBXFileReference; explicitFileType = wrapper.cfbundle; includeInIndex = 0; path = "Assessment-TaskTests.xctest"; sourceTree = BUILT_PRODUCTS_DIR; };
		D0A3527E2216E7DF00385D1D /* Assessment_TaskTests.swift */ = {isa = PBXFileReference; lastKnownFileType = sourcecode.swift; path = Assessment_TaskTests.swift; sourceTree = "<group>"; };
		D0A352802216E7DF00385D1D /* Info.plist */ = {isa = PBXFileReference; lastKnownFileType = text.plist.xml; path = Info.plist; sourceTree = "<group>"; };
		D0A3529A221702A000385D1D /* HTTPRequest.swift */ = {isa = PBXFileReference; lastKnownFileType = sourcecode.swift; path = HTTPRequest.swift; sourceTree = "<group>"; };
		D0A3529E22172BD700385D1D /* Network.swift */ = {isa = PBXFileReference; lastKnownFileType = sourcecode.swift; path = Network.swift; sourceTree = "<group>"; };
		D0A352A0221740E200385D1D /* MoviesRequest.swift */ = {isa = PBXFileReference; lastKnownFileType = sourcecode.swift; path = MoviesRequest.swift; sourceTree = "<group>"; };
		D0A352A52217624300385D1D /* MoviesListViewController.swift */ = {isa = PBXFileReference; lastKnownFileType = sourcecode.swift; path = MoviesListViewController.swift; sourceTree = "<group>"; };
		D0A352A72217628800385D1D /* MoviesListPresenter.swift */ = {isa = PBXFileReference; lastKnownFileType = sourcecode.swift; path = MoviesListPresenter.swift; sourceTree = "<group>"; };
		D0A352AA22177CC300385D1D /* Reusable.swift */ = {isa = PBXFileReference; lastKnownFileType = sourcecode.swift; path = Reusable.swift; sourceTree = "<group>"; };
		D0A352AD221782F700385D1D /* FetchMoviesUseCase.swift */ = {isa = PBXFileReference; lastKnownFileType = sourcecode.swift; path = FetchMoviesUseCase.swift; sourceTree = "<group>"; };
		D0A352B122178AB400385D1D /* Movie.swift */ = {isa = PBXFileReference; lastKnownFileType = sourcecode.swift; path = Movie.swift; sourceTree = "<group>"; };
/* End PBXFileReference section */

/* Begin PBXFrameworksBuildPhase section */
		D00BE6A92222F16700853767 /* Frameworks */ = {
			isa = PBXFrameworksBuildPhase;
			buildActionMask = 2147483647;
			files = (
			);
			runOnlyForDeploymentPostprocessing = 0;
		};
		D0A352632216E7DD00385D1D /* Frameworks */ = {
			isa = PBXFrameworksBuildPhase;
			buildActionMask = 2147483647;
			files = (
			);
			runOnlyForDeploymentPostprocessing = 0;
		};
		D0A352772216E7DF00385D1D /* Frameworks */ = {
			isa = PBXFrameworksBuildPhase;
			buildActionMask = 2147483647;
			files = (
			);
			runOnlyForDeploymentPostprocessing = 0;
		};
/* End PBXFrameworksBuildPhase section */

/* Begin PBXGroup section */
		D0094EAC2221F6F100508533 /* Storyboard */ = {
			isa = PBXGroup;
			children = (
				D01807CB221CA21900A8C93C /* Movies.storyboard */,
			);
			path = Storyboard;
			sourceTree = "<group>";
		};
		D0094EAD2221F70100508533 /* Model */ = {
			isa = PBXGroup;
			children = (
				D0A352B122178AB400385D1D /* Movie.swift */,
				D0094EB7222213B800508533 /* MoviesListTableViewSection.swift */,
			);
			path = Model;
			sourceTree = "<group>";
		};
		D0094EAE2221F72700508533 /* Unit Testing */ = {
			isa = PBXGroup;
			children = (
			);
			path = "Unit Testing";
			sourceTree = "<group>";
		};
		D00BE6AD2222F16700853767 /* AssessmentTaskUITests */ = {
			isa = PBXGroup;
			children = (
				D00BE6AE2222F16700853767 /* AssessmentTaskUITests.swift */,
				D00BE6B02222F16700853767 /* Info.plist */,
			);
			path = AssessmentTaskUITests;
			sourceTree = "<group>";
		};
		D012422D221B7F8A002B61B7 /* Movies List */ = {
			isa = PBXGroup;
			children = (
				D0A352A52217624300385D1D /* MoviesListViewController.swift */,
				D0A352A72217628800385D1D /* MoviesListPresenter.swift */,
				D0A352AD221782F700385D1D /* FetchMoviesUseCase.swift */,
				D00DBFD12219918400E4E440 /* MoviesListRouter.swift */,
				D0094EB522220BB500508533 /* MoviesListConfigurator.swift */,
			);
			path = "Movies List";
			sourceTree = "<group>";
		};
		D012422E221B7FA7002B61B7 /* Add Movies Details */ = {
			isa = PBXGroup;
			children = (
				D03183DE2219EEA200313534 /* MovieDetailsViewController.swift */,
				D03183E22219EF3E00313534 /* MovieDetailViewModel.swift */,
				D0302878221B160B00895472 /* MovieDetailsPresenter.swift */,
			);
			path = "Add Movies Details";
			sourceTree = "<group>";
		};
		D0A3525D2216E7DD00385D1D = {
			isa = PBXGroup;
			children = (
				D0A352682216E7DD00385D1D /* Assessment-Task */,
				D0A3527D2216E7DF00385D1D /* Assessment-TaskTests */,
				D00BE6AD2222F16700853767 /* AssessmentTaskUITests */,
				D0A352672216E7DD00385D1D /* Products */,
			);
			sourceTree = "<group>";
		};
		D0A352672216E7DD00385D1D /* Products */ = {
			isa = PBXGroup;
			children = (
				D0A352662216E7DD00385D1D /* Assessment-Task.app */,
				D0A3527A2216E7DF00385D1D /* Assessment-TaskTests.xctest */,
				D00BE6AC2222F16700853767 /* AssessmentTaskUITests.xctest */,
			);
			name = Products;
			sourceTree = "<group>";
		};
		D0A352682216E7DD00385D1D /* Assessment-Task */ = {
			isa = PBXGroup;
			children = (
				D0A352A922177CB400385D1D /* UI */,
				D0A352A22217614300385D1D /* Movies */,
				D0A352972216F3C100385D1D /* NetworkLayer */,
				D0094EAE2221F72700508533 /* Unit Testing */,
				D0A352692216E7DD00385D1D /* AppDelegate.swift */,
				D0A3526B2216E7DD00385D1D /* ViewController.swift */,
				D0A3526D2216E7DD00385D1D /* Main.storyboard */,
				D0A352702216E7DF00385D1D /* Assets.xcassets */,
				D0A352722216E7DF00385D1D /* LaunchScreen.storyboard */,
				D0A352752216E7DF00385D1D /* Info.plist */,
			);
			path = "Assessment-Task";
			sourceTree = "<group>";
		};
		D0A3527D2216E7DF00385D1D /* Assessment-TaskTests */ = {
			isa = PBXGroup;
			children = (
				D0A3527E2216E7DF00385D1D /* Assessment_TaskTests.swift */,
				D0A352802216E7DF00385D1D /* Info.plist */,
				D0094EA42221A5C800508533 /* APIClient_Test.swift */,
			);
			path = "Assessment-TaskTests";
			sourceTree = "<group>";
		};
		D0A352972216F3C100385D1D /* NetworkLayer */ = {
			isa = PBXGroup;
			children = (
				D0A352A0221740E200385D1D /* MoviesRequest.swift */,
				D0A3529A221702A000385D1D /* HTTPRequest.swift */,
				D0A3529E22172BD700385D1D /* Network.swift */,
				D075857C2218507F00E01D62 /* DataResponseError.swift */,
				D07585872218522800E01D62 /* MoviesAPIClient.swift */,
				D0094EAA2221F16400508533 /* NetworkResponse.swift */,
				D0094EB32221F7D800508533 /* MockURLSession.swift */,
			);
			path = NetworkLayer;
			sourceTree = "<group>";
		};
		D0A352A22217614300385D1D /* Movies */ = {
			isa = PBXGroup;
			children = (
				D0094EAD2221F70100508533 /* Model */,
				D0094EAC2221F6F100508533 /* Storyboard */,
				D012422E221B7FA7002B61B7 /* Add Movies Details */,
				D012422D221B7F8A002B61B7 /* Movies List */,
				D0A352AC22177D5300385D1D /* Custom Views */,
			);
			path = Movies;
			sourceTree = "<group>";
		};
		D0A352A922177CB400385D1D /* UI */ = {
			isa = PBXGroup;
			children = (
				D0A352AA22177CC300385D1D /* Reusable.swift */,
				D00DBFCD221975B600E4E440 /* UIImageView+Instabug.swift */,
			);
			path = UI;
			sourceTree = "<group>";
		};
		D0A352AC22177D5300385D1D /* Custom Views */ = {
			isa = PBXGroup;
			children = (
				D0758589221852F800E01D62 /* MovieDetailsCustomView.xib */,
				D075858B2218551600E01D62 /* MovieDetailsCustomView.swift */,
				D075858D221858D500E01D62 /* MoviesDetailsCell.xib */,
				D075858F2218590500E01D62 /* MoviesDetailsCell.swift */,
			);
			path = "Custom Views";
			sourceTree = "<group>";
		};
/* End PBXGroup section */

/* Begin PBXNativeTarget section */
		D00BE6AB2222F16700853767 /* AssessmentTaskUITests */ = {
			isa = PBXNativeTarget;
			buildConfigurationList = D00BE6B32222F16700853767 /* Build configuration list for PBXNativeTarget "AssessmentTaskUITests" */;
			buildPhases = (
				D00BE6A82222F16700853767 /* Sources */,
				D00BE6A92222F16700853767 /* Frameworks */,
				D00BE6AA2222F16700853767 /* Resources */,
			);
			buildRules = (
			);
			dependencies = (
				D00BE6B22222F16700853767 /* PBXTargetDependency */,
			);
			name = AssessmentTaskUITests;
			productName = AssessmentTaskUITests;
			productReference = D00BE6AC2222F16700853767 /* AssessmentTaskUITests.xctest */;
			productType = "com.apple.product-type.bundle.ui-testing";
		};
		D0A352652216E7DD00385D1D /* Assessment-Task */ = {
			isa = PBXNativeTarget;
			buildConfigurationList = D0A3528E2216E7DF00385D1D /* Build configuration list for PBXNativeTarget "Assessment-Task" */;
			buildPhases = (
				D0A352622216E7DD00385D1D /* Sources */,
				D0A352632216E7DD00385D1D /* Frameworks */,
				D0A352642216E7DD00385D1D /* Resources */,
			);
			buildRules = (
			);
			dependencies = (
			);
			name = "Assessment-Task";
			productName = "Assessment-Task";
			productReference = D0A352662216E7DD00385D1D /* Assessment-Task.app */;
			productType = "com.apple.product-type.application";
		};
		D0A352792216E7DF00385D1D /* Assessment-TaskTests */ = {
			isa = PBXNativeTarget;
			buildConfigurationList = D0A352912216E7DF00385D1D /* Build configuration list for PBXNativeTarget "Assessment-TaskTests" */;
			buildPhases = (
				D0A352762216E7DF00385D1D /* Sources */,
				D0A352772216E7DF00385D1D /* Frameworks */,
				D0A352782216E7DF00385D1D /* Resources */,
			);
			buildRules = (
			);
			dependencies = (
				D0A3527C2216E7DF00385D1D /* PBXTargetDependency */,
			);
			name = "Assessment-TaskTests";
			productName = "Assessment-TaskTests";
			productReference = D0A3527A2216E7DF00385D1D /* Assessment-TaskTests.xctest */;
			productType = "com.apple.product-type.bundle.unit-test";
		};
/* End PBXNativeTarget section */

/* Begin PBXProject section */
		D0A3525E2216E7DD00385D1D /* Project object */ = {
			isa = PBXProject;
			attributes = {
				LastSwiftUpdateCheck = 1000;
				LastUpgradeCheck = 1000;
				ORGANIZATIONNAME = "Noha ";
				TargetAttributes = {
					D00BE6AB2222F16700853767 = {
						CreatedOnToolsVersion = 10.0;
						TestTargetID = D0A352652216E7DD00385D1D;
					};
					D0A352652216E7DD00385D1D = {
						CreatedOnToolsVersion = 10.0;
					};
					D0A352792216E7DF00385D1D = {
						CreatedOnToolsVersion = 10.0;
						TestTargetID = D0A352652216E7DD00385D1D;
					};
				};
			};
			buildConfigurationList = D0A352612216E7DD00385D1D /* Build configuration list for PBXProject "Assessment-Task" */;
			compatibilityVersion = "Xcode 9.3";
			developmentRegion = en;
			hasScannedForEncodings = 0;
			knownRegions = (
				en,
				Base,
			);
			mainGroup = D0A3525D2216E7DD00385D1D;
			productRefGroup = D0A352672216E7DD00385D1D /* Products */;
			projectDirPath = "";
			projectRoot = "";
			targets = (
				D0A352652216E7DD00385D1D /* Assessment-Task */,
				D0A352792216E7DF00385D1D /* Assessment-TaskTests */,
				D00BE6AB2222F16700853767 /* AssessmentTaskUITests */,
			);
		};
/* End PBXProject section */

/* Begin PBXResourcesBuildPhase section */
		D00BE6AA2222F16700853767 /* Resources */ = {
			isa = PBXResourcesBuildPhase;
			buildActionMask = 2147483647;
			files = (
			);
			runOnlyForDeploymentPostprocessing = 0;
		};
		D0A352642216E7DD00385D1D /* Resources */ = {
			isa = PBXResourcesBuildPhase;
			buildActionMask = 2147483647;
			files = (
				D0A352742216E7DF00385D1D /* LaunchScreen.storyboard in Resources */,
				D01807CC221CA21900A8C93C /* Movies.storyboard in Resources */,
				D0A352712216E7DF00385D1D /* Assets.xcassets in Resources */,
				D075858E221858D500E01D62 /* MoviesDetailsCell.xib in Resources */,
				D0A3526F2216E7DD00385D1D /* Main.storyboard in Resources */,
				D075858A221852F800E01D62 /* MovieDetailsCustomView.xib in Resources */,
			);
			runOnlyForDeploymentPostprocessing = 0;
		};
		D0A352782216E7DF00385D1D /* Resources */ = {
			isa = PBXResourcesBuildPhase;
			buildActionMask = 2147483647;
			files = (
			);
			runOnlyForDeploymentPostprocessing = 0;
		};
/* End PBXResourcesBuildPhase section */

/* Begin PBXSourcesBuildPhase section */
		D00BE6A82222F16700853767 /* Sources */ = {
			isa = PBXSourcesBuildPhase;
			buildActionMask = 2147483647;
			files = (
				D00BE6AF2222F16700853767 /* AssessmentTaskUITests.swift in Sources */,
			);
			runOnlyForDeploymentPostprocessing = 0;
		};
		D0A352622216E7DD00385D1D /* Sources */ = {
			isa = PBXSourcesBuildPhase;
			buildActionMask = 2147483647;
			files = (
				D00DBFD22219918400E4E440 /* MoviesListRouter.swift in Sources */,
				D0A352A62217624300385D1D /* MoviesListViewController.swift in Sources */,
				D03183DF2219EEA200313534 /* MovieDetailsViewController.swift in Sources */,
				D0A3526C2216E7DD00385D1D /* ViewController.swift in Sources */,
				D0A352B222178AB400385D1D /* Movie.swift in Sources */,
				D0A3529B221702A000385D1D /* HTTPRequest.swift in Sources */,
				D0A352AB22177CC300385D1D /* Reusable.swift in Sources */,
				D03183E32219EF3E00313534 /* MovieDetailViewModel.swift in Sources */,
				D0094EB42221F7D800508533 /* MockURLSession.swift in Sources */,
				D0A352A82217628800385D1D /* MoviesListPresenter.swift in Sources */,
				D0A352AE221782F700385D1D /* FetchMoviesUseCase.swift in Sources */,
				D0094EB8222213B800508533 /* MoviesListTableViewSection.swift in Sources */,
				D0A352A1221740E200385D1D /* MoviesRequest.swift in Sources */,
				D00DBFCE221975B600E4E440 /* UIImageView+Instabug.swift in Sources */,
				D075858C2218551600E01D62 /* MovieDetailsCustomView.swift in Sources */,
				D075857D2218507F00E01D62 /* DataResponseError.swift in Sources */,
				D0A3526A2216E7DD00385D1D /* AppDelegate.swift in Sources */,
				D0302879221B160B00895472 /* MovieDetailsPresenter.swift in Sources */,
				D0094EB622220BB500508533 /* MoviesListConfigurator.swift in Sources */,
				D07585882218522800E01D62 /* MoviesAPIClient.swift in Sources */,
				D0094EAB2221F16400508533 /* NetworkResponse.swift in Sources */,
				D0A3529F22172BD700385D1D /* Network.swift in Sources */,
				D07585902218590500E01D62 /* MoviesDetailsCell.swift in Sources */,
			);
			runOnlyForDeploymentPostprocessing = 0;
		};
		D0A352762216E7DF00385D1D /* Sources */ = {
			isa = PBXSourcesBuildPhase;
			buildActionMask = 2147483647;
			files = (
				D0A3527F2216E7DF00385D1D /* Assessment_TaskTests.swift in Sources */,
				D0094EA52221A5C800508533 /* APIClient_Test.swift in Sources */,
			);
			runOnlyForDeploymentPostprocessing = 0;
		};
/* End PBXSourcesBuildPhase section */

/* Begin PBXTargetDependency section */
		D00BE6B22222F16700853767 /* PBXTargetDependency */ = {
			isa = PBXTargetDependency;
			target = D0A352652216E7DD00385D1D /* Assessment-Task */;
			targetProxy = D00BE6B12222F16700853767 /* PBXContainerItemProxy */;
		};
		D0A3527C2216E7DF00385D1D /* PBXTargetDependency */ = {
			isa = PBXTargetDependency;
			target = D0A352652216E7DD00385D1D /* Assessment-Task */;
			targetProxy = D0A3527B2216E7DF00385D1D /* PBXContainerItemProxy */;
		};
/* End PBXTargetDependency section */

/* Begin PBXVariantGroup section */
		D0A3526D2216E7DD00385D1D /* Main.storyboard */ = {
			isa = PBXVariantGroup;
			children = (
				D0A3526E2216E7DD00385D1D /* Base */,
			);
			name = Main.storyboard;
			sourceTree = "<group>";
		};
		D0A352722216E7DF00385D1D /* LaunchScreen.storyboard */ = {
			isa = PBXVariantGroup;
			children = (
				D0A352732216E7DF00385D1D /* Base */,
			);
			name = LaunchScreen.storyboard;
			sourceTree = "<group>";
		};
/* End PBXVariantGroup section */

/* Begin XCBuildConfiguration section */
		D00BE6B42222F16700853767 /* Debug */ = {
			isa = XCBuildConfiguration;
			buildSettings = {
				CODE_SIGN_STYLE = Automatic;
				INFOPLIST_FILE = AssessmentTaskUITests/Info.plist;
				LD_RUNPATH_SEARCH_PATHS = (
					"$(inherited)",
					"@executable_path/Frameworks",
					"@loader_path/Frameworks",
				);
				PRODUCT_BUNDLE_IDENTIFIER = Instabug.AssessmentTaskUITests;
				PRODUCT_NAME = "$(TARGET_NAME)";
				SWIFT_VERSION = 4.2;
				TARGETED_DEVICE_FAMILY = "1,2";
				TEST_TARGET_NAME = "Assessment-Task";
			};
			name = Debug;
		};
		D00BE6B52222F16700853767 /* Release */ = {
			isa = XCBuildConfiguration;
			buildSettings = {
				CODE_SIGN_STYLE = Automatic;
				INFOPLIST_FILE = AssessmentTaskUITests/Info.plist;
				LD_RUNPATH_SEARCH_PATHS = (
					"$(inherited)",
					"@executable_path/Frameworks",
					"@loader_path/Frameworks",
				);
				PRODUCT_BUNDLE_IDENTIFIER = Instabug.AssessmentTaskUITests;
				PRODUCT_NAME = "$(TARGET_NAME)";
				SWIFT_VERSION = 4.2;
				TARGETED_DEVICE_FAMILY = "1,2";
				TEST_TARGET_NAME = "Assessment-Task";
			};
			name = Release;
		};
		D0A3528C2216E7DF00385D1D /* Debug */ = {
			isa = XCBuildConfiguration;
			buildSettings = {
				ALWAYS_SEARCH_USER_PATHS = NO;
				CLANG_ANALYZER_NONNULL = YES;
				CLANG_ANALYZER_NUMBER_OBJECT_CONVERSION = YES_AGGRESSIVE;
				CLANG_CXX_LANGUAGE_STANDARD = "gnu++14";
				CLANG_CXX_LIBRARY = "libc++";
				CLANG_ENABLE_MODULES = YES;
				CLANG_ENABLE_OBJC_ARC = YES;
				CLANG_ENABLE_OBJC_WEAK = YES;
				CLANG_WARN_BLOCK_CAPTURE_AUTORELEASING = YES;
				CLANG_WARN_BOOL_CONVERSION = YES;
				CLANG_WARN_COMMA = YES;
				CLANG_WARN_CONSTANT_CONVERSION = YES;
				CLANG_WARN_DEPRECATED_OBJC_IMPLEMENTATIONS = YES;
				CLANG_WARN_DIRECT_OBJC_ISA_USAGE = YES_ERROR;
				CLANG_WARN_DOCUMENTATION_COMMENTS = YES;
				CLANG_WARN_EMPTY_BODY = YES;
				CLANG_WARN_ENUM_CONVERSION = YES;
				CLANG_WARN_INFINITE_RECURSION = YES;
				CLANG_WARN_INT_CONVERSION = YES;
				CLANG_WARN_NON_LITERAL_NULL_CONVERSION = YES;
				CLANG_WARN_OBJC_IMPLICIT_RETAIN_SELF = YES;
				CLANG_WARN_OBJC_LITERAL_CONVERSION = YES;
				CLANG_WARN_OBJC_ROOT_CLASS = YES_ERROR;
				CLANG_WARN_RANGE_LOOP_ANALYSIS = YES;
				CLANG_WARN_STRICT_PROTOTYPES = YES;
				CLANG_WARN_SUSPICIOUS_MOVE = YES;
				CLANG_WARN_UNGUARDED_AVAILABILITY = YES_AGGRESSIVE;
				CLANG_WARN_UNREACHABLE_CODE = YES;
				CLANG_WARN__DUPLICATE_METHOD_MATCH = YES;
				CODE_SIGN_IDENTITY = "iPhone Developer";
				COPY_PHASE_STRIP = NO;
				DEBUG_INFORMATION_FORMAT = dwarf;
				ENABLE_STRICT_OBJC_MSGSEND = YES;
				ENABLE_TESTABILITY = YES;
				GCC_C_LANGUAGE_STANDARD = gnu11;
				GCC_DYNAMIC_NO_PIC = NO;
				GCC_NO_COMMON_BLOCKS = YES;
				GCC_OPTIMIZATION_LEVEL = 0;
				GCC_PREPROCESSOR_DEFINITIONS = (
					"DEBUG=1",
					"$(inherited)",
				);
				GCC_WARN_64_TO_32_BIT_CONVERSION = YES;
				GCC_WARN_ABOUT_RETURN_TYPE = YES_ERROR;
				GCC_WARN_UNDECLARED_SELECTOR = YES;
				GCC_WARN_UNINITIALIZED_AUTOS = YES_AGGRESSIVE;
				GCC_WARN_UNUSED_FUNCTION = YES;
				GCC_WARN_UNUSED_VARIABLE = YES;
				IPHONEOS_DEPLOYMENT_TARGET = 12.0;
				MTL_ENABLE_DEBUG_INFO = INCLUDE_SOURCE;
				MTL_FAST_MATH = YES;
				ONLY_ACTIVE_ARCH = YES;
				SDKROOT = iphoneos;
				SWIFT_ACTIVE_COMPILATION_CONDITIONS = DEBUG;
				SWIFT_OPTIMIZATION_LEVEL = "-Onone";
			};
			name = Debug;
		};
		D0A3528D2216E7DF00385D1D /* Release */ = {
			isa = XCBuildConfiguration;
			buildSettings = {
				ALWAYS_SEARCH_USER_PATHS = NO;
				CLANG_ANALYZER_NONNULL = YES;
				CLANG_ANALYZER_NUMBER_OBJECT_CONVERSION = YES_AGGRESSIVE;
				CLANG_CXX_LANGUAGE_STANDARD = "gnu++14";
				CLANG_CXX_LIBRARY = "libc++";
				CLANG_ENABLE_MODULES = YES;
				CLANG_ENABLE_OBJC_ARC = YES;
				CLANG_ENABLE_OBJC_WEAK = YES;
				CLANG_WARN_BLOCK_CAPTURE_AUTORELEASING = YES;
				CLANG_WARN_BOOL_CONVERSION = YES;
				CLANG_WARN_COMMA = YES;
				CLANG_WARN_CONSTANT_CONVERSION = YES;
				CLANG_WARN_DEPRECATED_OBJC_IMPLEMENTATIONS = YES;
				CLANG_WARN_DIRECT_OBJC_ISA_USAGE = YES_ERROR;
				CLANG_WARN_DOCUMENTATION_COMMENTS = YES;
				CLANG_WARN_EMPTY_BODY = YES;
				CLANG_WARN_ENUM_CONVERSION = YES;
				CLANG_WARN_INFINITE_RECURSION = YES;
				CLANG_WARN_INT_CONVERSION = YES;
				CLANG_WARN_NON_LITERAL_NULL_CONVERSION = YES;
				CLANG_WARN_OBJC_IMPLICIT_RETAIN_SELF = YES;
				CLANG_WARN_OBJC_LITERAL_CONVERSION = YES;
				CLANG_WARN_OBJC_ROOT_CLASS = YES_ERROR;
				CLANG_WARN_RANGE_LOOP_ANALYSIS = YES;
				CLANG_WARN_STRICT_PROTOTYPES = YES;
				CLANG_WARN_SUSPICIOUS_MOVE = YES;
				CLANG_WARN_UNGUARDED_AVAILABILITY = YES_AGGRESSIVE;
				CLANG_WARN_UNREACHABLE_CODE = YES;
				CLANG_WARN__DUPLICATE_METHOD_MATCH = YES;
				CODE_SIGN_IDENTITY = "iPhone Developer";
				COPY_PHASE_STRIP = NO;
				DEBUG_INFORMATION_FORMAT = "dwarf-with-dsym";
				ENABLE_NS_ASSERTIONS = NO;
				ENABLE_STRICT_OBJC_MSGSEND = YES;
				GCC_C_LANGUAGE_STANDARD = gnu11;
				GCC_NO_COMMON_BLOCKS = YES;
				GCC_WARN_64_TO_32_BIT_CONVERSION = YES;
				GCC_WARN_ABOUT_RETURN_TYPE = YES_ERROR;
				GCC_WARN_UNDECLARED_SELECTOR = YES;
				GCC_WARN_UNINITIALIZED_AUTOS = YES_AGGRESSIVE;
				GCC_WARN_UNUSED_FUNCTION = YES;
				GCC_WARN_UNUSED_VARIABLE = YES;
				IPHONEOS_DEPLOYMENT_TARGET = 12.0;
				MTL_ENABLE_DEBUG_INFO = NO;
				MTL_FAST_MATH = YES;
				SDKROOT = iphoneos;
				SWIFT_COMPILATION_MODE = wholemodule;
				SWIFT_OPTIMIZATION_LEVEL = "-O";
				VALIDATE_PRODUCT = YES;
			};
			name = Release;
		};
		D0A3528F2216E7DF00385D1D /* Debug */ = {
			isa = XCBuildConfiguration;
			buildSettings = {
				ASSETCATALOG_COMPILER_APPICON_NAME = AppIcon;
				CODE_SIGN_STYLE = Manual;
				DEVELOPMENT_TEAM = "";
				INFOPLIST_FILE = "Assessment-Task/Info.plist";
				LD_RUNPATH_SEARCH_PATHS = (
					"$(inherited)",
					"@executable_path/Frameworks",
				);
				PRODUCT_BUNDLE_IDENTIFIER = "Instabug.Assessment-Task";
				PRODUCT_NAME = "$(TARGET_NAME)";
				PROVISIONING_PROFILE_SPECIFIER = "";
				SWIFT_VERSION = 4.2;
				TARGETED_DEVICE_FAMILY = "1,2";
			};
			name = Debug;
		};
		D0A352902216E7DF00385D1D /* Release */ = {
			isa = XCBuildConfiguration;
			buildSettings = {
				ASSETCATALOG_COMPILER_APPICON_NAME = AppIcon;
				CODE_SIGN_STYLE = Manual;
				DEVELOPMENT_TEAM = "";
				INFOPLIST_FILE = "Assessment-Task/Info.plist";
				LD_RUNPATH_SEARCH_PATHS = (
					"$(inherited)",
					"@executable_path/Frameworks",
				);
				PRODUCT_BUNDLE_IDENTIFIER = "Instabug.Assessment-Task";
				PRODUCT_NAME = "$(TARGET_NAME)";
				PROVISIONING_PROFILE_SPECIFIER = "";
				SWIFT_VERSION = 4.2;
				TARGETED_DEVICE_FAMILY = "1,2";
			};
			name = Release;
		};
		D0A352922216E7DF00385D1D /* Debug */ = {
			isa = XCBuildConfiguration;
			buildSettings = {
				ALWAYS_EMBED_SWIFT_STANDARD_LIBRARIES = YES;
				BUNDLE_LOADER = "$(TEST_HOST)";
				CODE_SIGN_STYLE = Automatic;
				INFOPLIST_FILE = "Assessment-TaskTests/Info.plist";
				LD_RUNPATH_SEARCH_PATHS = (
					"$(inherited)",
					"@executable_path/Frameworks",
					"@loader_path/Frameworks",
				);
				PRODUCT_BUNDLE_IDENTIFIER = "Instabug.Assessment-TaskTests";
				PRODUCT_NAME = "$(TARGET_NAME)";
				SWIFT_VERSION = 4.2;
				TARGETED_DEVICE_FAMILY = "1,2";
				TEST_HOST = "$(BUILT_PRODUCTS_DIR)/Assessment-Task.app/Assessment-Task";
			};
			name = Debug;
		};
		D0A352932216E7DF00385D1D /* Release */ = {
			isa = XCBuildConfiguration;
			buildSettings = {
				ALWAYS_EMBED_SWIFT_STANDARD_LIBRARIES = YES;
				BUNDLE_LOADER = "$(TEST_HOST)";
				CODE_SIGN_STYLE = Automatic;
				INFOPLIST_FILE = "Assessment-TaskTests/Info.plist";
				LD_RUNPATH_SEARCH_PATHS = (
					"$(inherited)",
					"@executable_path/Frameworks",
					"@loader_path/Frameworks",
				);
				PRODUCT_BUNDLE_IDENTIFIER = "Instabug.Assessment-TaskTests";
				PRODUCT_NAME = "$(TARGET_NAME)";
				SWIFT_VERSION = 4.2;
				TARGETED_DEVICE_FAMILY = "1,2";
				TEST_HOST = "$(BUILT_PRODUCTS_DIR)/Assessment-Task.app/Assessment-Task";
			};
			name = Release;
		};
/* End XCBuildConfiguration section */

/* Begin XCConfigurationList section */
		D00BE6B32222F16700853767 /* Build configuration list for PBXNativeTarget "AssessmentTaskUITests" */ = {
			isa = XCConfigurationList;
			buildConfigurations = (
				D00BE6B42222F16700853767 /* Debug */,
				D00BE6B52222F16700853767 /* Release */,
			);
			defaultConfigurationIsVisible = 0;
			defaultConfigurationName = Release;
		};
		D0A352612216E7DD00385D1D /* Build configuration list for PBXProject "Assessment-Task" */ = {
			isa = XCConfigurationList;
			buildConfigurations = (
				D0A3528C2216E7DF00385D1D /* Debug */,
				D0A3528D2216E7DF00385D1D /* Release */,
			);
			defaultConfigurationIsVisible = 0;
			defaultConfigurationName = Release;
		};
		D0A3528E2216E7DF00385D1D /* Build configuration list for PBXNativeTarget "Assessment-Task" */ = {
			isa = XCConfigurationList;
			buildConfigurations = (
				D0A3528F2216E7DF00385D1D /* Debug */,
				D0A352902216E7DF00385D1D /* Release */,
			);
			defaultConfigurationIsVisible = 0;
			defaultConfigurationName = Release;
		};
		D0A352912216E7DF00385D1D /* Build configuration list for PBXNativeTarget "Assessment-TaskTests" */ = {
			isa = XCConfigurationList;
			buildConfigurations = (
				D0A352922216E7DF00385D1D /* Debug */,
				D0A352932216E7DF00385D1D /* Release */,
			);
			defaultConfigurationIsVisible = 0;
			defaultConfigurationName = Release;
		};
/* End XCConfigurationList section */
	};
	rootObject = D0A3525E2216E7DD00385D1D /* Project object */;
}
